
Microsoft Visual Studio Solution File, Format Version 12.00
# Visual Studio Version 16
VisualStudioVersion = 16.0.30517.126
MinimumVisualStudioVersion = 10.0.40219.1
Project("{FAE04EC0-301F-11D3-BF4B-00C04F79EFBC}") = "SimpleCalculator", "SimpleCalculator\SimpleCalculator.csproj", "{698D1DB5-823F-4AAA-8141-FF8F043F8EC7}"
EndProject
Global
	GlobalSection(SolutionConfigurationPlatforms) = preSolution
		Debug|Any CPU = Debug|Any CPU
		Release|Any CPU = Release|Any CPU
	EndGlobalSection
	GlobalSection(ProjectConfigurationPlatforms) = postSolution
		{698D1DB5-823F-4AAA-8141-FF8F043F8EC7}.Debug|Any CPU.ActiveCfg = Debug|Any CPU
		{698D1DB5-823F-4AAA-8141-FF8F043F8EC7}.Debug|Any CPU.Build.0 = Debug|Any CPU
		{698D1DB5-823F-4AAA-8141-FF8F043F8EC7}.Release|Any CPU.ActiveCfg = Release|Any CPU
		{698D1DB5-823F-4AAA-8141-FF8F043F8EC7}.Release|Any CPU.Build.0 = Release|Any CPU
	EndGlobalSection
	GlobalSection(SolutionProperties) = preSolution
		HideSolutionNode = FALSE
	EndGlobalSection
	GlobalSection(ExtensibilityGlobals) = postSolution
		SolutionGuid = {92CC37F2-8FD7-4EFD-9D8D-1B28B9135E95}
	EndGlobalSection
EndGlobal
